{
  "nodes": {
    "nixpkgs": {
      "locked": {
        "lastModified": 1744664988,
        "narHash": "sha256-tv5QkwoHUT7957XYPOWpyBD440SdfPBPBVymbXlmqsc=",
        "owner": "NixOS",
        "repo": "nixpkgs",
        "rev": "eff64d6c1a13c9a3348f332f75cbde1935dc3d21",
        "type": "github"
      },
      "original": {
        "id": "nixpkgs",
        "ref": "release-24.11",
        "type": "indirect"
      }
    },
    "root": {
      "inputs": {
        "nixpkgs": "nixpkgs"
      }
    }
  },
  "root": "root",
  "version": 7
}
